
Microsoft Visual Studio Solution File, Format Version 12.00
# Visual Studio Version 16
VisualStudioVersion = 16.0.31702.278
MinimumVisualStudioVersion = 10.0.40219.1
Project("{FAE04EC0-301F-11D3-BF4B-00C04F79EFBC}") = "Aula207_GetHashCode_Equals", "Aula207_GetHashCode_Equals\Aula207_GetHashCode_Equals.csproj", "{5CD2C53F-4ACE-44BF-B90B-9771BFEE3767}"
EndProject
Global
	GlobalSection(SolutionConfigurationPlatforms) = preSolution
		Debug|Any CPU = Debug|Any CPU
		Release|Any CPU = Release|Any CPU
	EndGlobalSection
	GlobalSection(ProjectConfigurationPlatforms) = postSolution
		{5CD2C53F-4ACE-44BF-B90B-9771BFEE3767}.Debug|Any CPU.ActiveCfg = Debug|Any CPU
		{5CD2C53F-4ACE-44BF-B90B-9771BFEE3767}.Debug|Any CPU.Build.0 = Debug|Any CPU
		{5CD2C53F-4ACE-44BF-B90B-9771BFEE3767}.Release|Any CPU.ActiveCfg = Release|Any CPU
		{5CD2C53F-4ACE-44BF-B90B-9771BFEE3767}.Release|Any CPU.Build.0 = Release|Any CPU
	EndGlobalSection
	GlobalSection(SolutionProperties) = preSolution
		HideSolutionNode = FALSE
	EndGlobalSection
	GlobalSection(ExtensibilityGlobals) = postSolution
		SolutionGuid = {C9A2F95C-5620-4C2B-8B54-9CCFAA520630}
	EndGlobalSection
EndGlobal
